
Microsoft Visual Studio Solution File, Format Version 12.00
# Visual Studio Version 17
VisualStudioVersion = 17.0.31903.59
MinimumVisualStudioVersion = 10.0.40219.1
Project("{FAE04EC0-301F-11D3-BF4B-00C04F79EFBC}") = "ivory.wizard.api.Domain", "ivory.wizard.api.Domain\ivory.wizard.api.Domain.csproj", "{01BC24B6-0298-4C22-9F5E-F6F3E8A33A92}"
EndProject
Project("{FAE04EC0-301F-11D3-BF4B-00C04F79EFBC}") = "ivory.wizard.api.Api", "ivory.wizard.api.Api\ivory.wizard.api.Api.csproj", "{E19C82E1-8526-44DC-9CD0-1EC25B7F5B65}"
EndProject
Project("{FAE04EC0-301F-11D3-BF4B-00C04F79EFBC}") = "ivory.wizard.api.Data", "ivory.wizard.api.Data\ivory.wizard.api.Data.csproj", "{3BE6B5CC-E5BC-410F-8145-66A9931FEC0C}"
EndProject
Project("{2150E333-8FDC-42A3-9474-1A3956D46DE8}") = "tests", "tests", "{0AB3BF05-4346-4AA6-1389-037BE0695223}"
EndProject
Project("{FAE04EC0-301F-11D3-BF4B-00C04F79EFBC}") = "ivory-wizard-api.Domain.Tests", "tests\ivory-wizard-api.Domain.Tests\ivory-wizard-api.Domain.Tests.csproj", "{0B0B137B-2728-48EB-B4BF-386DD03B4D1D}"
EndProject
Global
	GlobalSection(SolutionConfigurationPlatforms) = preSolution
		Debug|Any CPU = Debug|Any CPU
		Debug|x64 = Debug|x64
		Debug|x86 = Debug|x86
		Release|Any CPU = Release|Any CPU
		Release|x64 = Release|x64
		Release|x86 = Release|x86
	EndGlobalSection
	GlobalSection(ProjectConfigurationPlatforms) = postSolution
		{01BC24B6-0298-4C22-9F5E-F6F3E8A33A92}.Debug|Any CPU.ActiveCfg = Debug|Any CPU
		{01BC24B6-0298-4C22-9F5E-F6F3E8A33A92}.Debug|Any CPU.Build.0 = Debug|Any CPU
		{01BC24B6-0298-4C22-9F5E-F6F3E8A33A92}.Debug|x64.ActiveCfg = Debug|Any CPU
		{01BC24B6-0298-4C22-9F5E-F6F3E8A33A92}.Debug|x64.Build.0 = Debug|Any CPU
		{01BC24B6-0298-4C22-9F5E-F6F3E8A33A92}.Debug|x86.ActiveCfg = Debug|Any CPU
		{01BC24B6-0298-4C22-9F5E-F6F3E8A33A92}.Debug|x86.Build.0 = Debug|Any CPU
		{01BC24B6-0298-4C22-9F5E-F6F3E8A33A92}.Release|Any CPU.ActiveCfg = Release|Any CPU
		{01BC24B6-0298-4C22-9F5E-F6F3E8A33A92}.Release|Any CPU.Build.0 = Release|Any CPU
		{01BC24B6-0298-4C22-9F5E-F6F3E8A33A92}.Release|x64.ActiveCfg = Release|Any CPU
		{01BC24B6-0298-4C22-9F5E-F6F3E8A33A92}.Release|x64.Build.0 = Release|Any CPU
		{01BC24B6-0298-4C22-9F5E-F6F3E8A33A92}.Release|x86.ActiveCfg = Release|Any CPU
		{01BC24B6-0298-4C22-9F5E-F6F3E8A33A92}.Release|x86.Build.0 = Release|Any CPU
		{E19C82E1-8526-44DC-9CD0-1EC25B7F5B65}.Debug|Any CPU.ActiveCfg = Debug|Any CPU
		{E19C82E1-8526-44DC-9CD0-1EC25B7F5B65}.Debug|Any CPU.Build.0 = Debug|Any CPU
		{E19C82E1-8526-44DC-9CD0-1EC25B7F5B65}.Debug|x64.ActiveCfg = Debug|Any CPU
		{E19C82E1-8526-44DC-9CD0-1EC25B7F5B65}.Debug|x64.Build.0 = Debug|Any CPU
		{E19C82E1-8526-44DC-9CD0-1EC25B7F5B65}.Debug|x86.ActiveCfg = Debug|Any CPU
		{E19C82E1-8526-44DC-9CD0-1EC25B7F5B65}.Debug|x86.Build.0 = Debug|Any CPU
		{E19C82E1-8526-44DC-9CD0-1EC25B7F5B65}.Release|Any CPU.ActiveCfg = Release|Any CPU
		{E19C82E1-8526-44DC-9CD0-1EC25B7F5B65}.Release|Any CPU.Build.0 = Release|Any CPU
		{E19C82E1-8526-44DC-9CD0-1EC25B7F5B65}.Release|x64.ActiveCfg = Release|Any CPU
		{E19C82E1-8526-44DC-9CD0-1EC25B7F5B65}.Release|x64.Build.0 = Release|Any CPU
		{E19C82E1-8526-44DC-9CD0-1EC25B7F5B65}.Release|x86.ActiveCfg = Release|Any CPU
		{E19C82E1-8526-44DC-9CD0-1EC25B7F5B65}.Release|x86.Build.0 = Release|Any CPU
		{3BE6B5CC-E5BC-410F-8145-66A9931FEC0C}.Debug|Any CPU.ActiveCfg = Debug|Any CPU
		{3BE6B5CC-E5BC-410F-8145-66A9931FEC0C}.Debug|Any CPU.Build.0 = Debug|Any CPU
		{3BE6B5CC-E5BC-410F-8145-66A9931FEC0C}.Debug|x64.ActiveCfg = Debug|Any CPU
		{3BE6B5CC-E5BC-410F-8145-66A9931FEC0C}.Debug|x64.Build.0 = Debug|Any CPU
		{3BE6B5CC-E5BC-410F-8145-66A9931FEC0C}.Debug|x86.ActiveCfg = Debug|Any CPU
		{3BE6B5CC-E5BC-410F-8145-66A9931FEC0C}.Debug|x86.Build.0 = Debug|Any CPU
		{3BE6B5CC-E5BC-410F-8145-66A9931FEC0C}.Release|Any CPU.ActiveCfg = Release|Any CPU
		{3BE6B5CC-E5BC-410F-8145-66A9931FEC0C}.Release|Any CPU.Build.0 = Release|Any CPU
		{3BE6B5CC-E5BC-410F-8145-66A9931FEC0C}.Release|x64.ActiveCfg = Release|Any CPU
		{3BE6B5CC-E5BC-410F-8145-66A9931FEC0C}.Release|x64.Build.0 = Release|Any CPU
		{3BE6B5CC-E5BC-410F-8145-66A9931FEC0C}.Release|x86.ActiveCfg = Release|Any CPU
		{3BE6B5CC-E5BC-410F-8145-66A9931FEC0C}.Release|x86.Build.0 = Release|Any CPU
		{0B0B137B-2728-48EB-B4BF-386DD03B4D1D}.Debug|Any CPU.ActiveCfg = Debug|Any CPU
		{0B0B137B-2728-48EB-B4BF-386DD03B4D1D}.Debug|Any CPU.Build.0 = Debug|Any CPU
		{0B0B137B-2728-48EB-B4BF-386DD03B4D1D}.Debug|x64.ActiveCfg = Debug|Any CPU
		{0B0B137B-2728-48EB-B4BF-386DD03B4D1D}.Debug|x64.Build.0 = Debug|Any CPU
		{0B0B137B-2728-48EB-B4BF-386DD03B4D1D}.Debug|x86.ActiveCfg = Debug|Any CPU
		{0B0B137B-2728-48EB-B4BF-386DD03B4D1D}.Debug|x86.Build.0 = Debug|Any CPU
		{0B0B137B-2728-48EB-B4BF-386DD03B4D1D}.Release|Any CPU.ActiveCfg = Release|Any CPU
		{0B0B137B-2728-48EB-B4BF-386DD03B4D1D}.Release|Any CPU.Build.0 = Release|Any CPU
		{0B0B137B-2728-48EB-B4BF-386DD03B4D1D}.Release|x64.ActiveCfg = Release|Any CPU
		{0B0B137B-2728-48EB-B4BF-386DD03B4D1D}.Release|x64.Build.0 = Release|Any CPU
		{0B0B137B-2728-48EB-B4BF-386DD03B4D1D}.Release|x86.ActiveCfg = Release|Any CPU
		{0B0B137B-2728-48EB-B4BF-386DD03B4D1D}.Release|x86.Build.0 = Release|Any CPU
	EndGlobalSection
	GlobalSection(SolutionProperties) = preSolution
		HideSolutionNode = FALSE
	EndGlobalSection
	GlobalSection(NestedProjects) = preSolution
		{0B0B137B-2728-48EB-B4BF-386DD03B4D1D} = {0AB3BF05-4346-4AA6-1389-037BE0695223}
	EndGlobalSection
EndGlobal
