
Microsoft Visual Studio Solution File, Format Version 12.00
# Visual Studio Version 17
VisualStudioVersion = 17.0.31903.59
MinimumVisualStudioVersion = 10.0.40219.1
Project("{FAE04EC0-301F-11D3-BF4B-00C04F79EFBC}") = "ivory.wizard.api.Domain", "ivory.wizard.api.Domain\ivory.wizard.api.Domain.csproj", "{01BC24B6-0298-4C22-9F5E-F6F3E8A33A92}"
EndProject
Project("{FAE04EC0-301F-11D3-BF4B-00C04F79EFBC}") = "ivory.wizard.api.Api", "ivory.wizard.api.Api\ivory.wizard.api.Api.csproj", "{E19C82E1-8526-44DC-9CD0-1EC25B7F5B65}"
EndProject
Global
	GlobalSection(SolutionConfigurationPlatforms) = preSolution
		Debug|Any CPU = Debug|Any CPU
		Release|Any CPU = Release|Any CPU
	EndGlobalSection
	GlobalSection(SolutionProperties) = preSolution
		HideSolutionNode = FALSE
	EndGlobalSection
	GlobalSection(ProjectConfigurationPlatforms) = postSolution
		{01BC24B6-0298-4C22-9F5E-F6F3E8A33A92}.Debug|Any CPU.ActiveCfg = Debug|Any CPU
		{01BC24B6-0298-4C22-9F5E-F6F3E8A33A92}.Debug|Any CPU.Build.0 = Debug|Any CPU
		{01BC24B6-0298-4C22-9F5E-F6F3E8A33A92}.Release|Any CPU.ActiveCfg = Release|Any CPU
		{01BC24B6-0298-4C22-9F5E-F6F3E8A33A92}.Release|Any CPU.Build.0 = Release|Any CPU
		{E19C82E1-8526-44DC-9CD0-1EC25B7F5B65}.Debug|Any CPU.ActiveCfg = Debug|Any CPU
		{E19C82E1-8526-44DC-9CD0-1EC25B7F5B65}.Debug|Any CPU.Build.0 = Debug|Any CPU
		{E19C82E1-8526-44DC-9CD0-1EC25B7F5B65}.Release|Any CPU.ActiveCfg = Release|Any CPU
		{E19C82E1-8526-44DC-9CD0-1EC25B7F5B65}.Release|Any CPU.Build.0 = Release|Any CPU
	EndGlobalSection
EndGlobal
