Microsoft Visual Studio Solution File, Format Version 12.00
# Visual Studio Version 17
VisualStudioVersion = 17.5.2.0
MinimumVisualStudioVersion = 10.0.40219.1
Project("{FAE04EC0-301F-11D3-BF4B-00C04F79EFBC}") = "ivory-wizard-api.Domain.Tests", "ivory-wizard-api.Domain.Tests.csproj", "{8D884BD7-1E99-5D76-0535-23B1DCD92ECF}"
EndProject
Global
	GlobalSection(SolutionConfigurationPlatforms) = preSolution
		Debug|Any CPU = Debug|Any CPU
		Release|Any CPU = Release|Any CPU
	EndGlobalSection
	GlobalSection(ProjectConfigurationPlatforms) = postSolution
		{8D884BD7-1E99-5D76-0535-23B1DCD92ECF}.Debug|Any CPU.ActiveCfg = Debug|Any CPU
		{8D884BD7-1E99-5D76-0535-23B1DCD92ECF}.Debug|Any CPU.Build.0 = Debug|Any CPU
		{8D884BD7-1E99-5D76-0535-23B1DCD92ECF}.Release|Any CPU.ActiveCfg = Release|Any CPU
		{8D884BD7-1E99-5D76-0535-23B1DCD92ECF}.Release|Any CPU.Build.0 = Release|Any CPU
	EndGlobalSection
	GlobalSection(SolutionProperties) = preSolution
		HideSolutionNode = FALSE
	EndGlobalSection
	GlobalSection(ExtensibilityGlobals) = postSolution
		SolutionGuid = {DE234B38-8EC0-4D4A-869D-1DA77D5806A1}
	EndGlobalSection
EndGlobal
